// !$*UTF8*$!
{
	archiveVersion = 1;
	classes = {
	};
	objectVersion = 77;
	objects = {

/* Begin PBXContainerItemProxy section */
		AED924602CCFD8E600A9E977 /* PBXContainerItemProxy */ = {
			isa = PBXContainerItemProxy;
			containerPortal = AED924472CCFD8E500A9E977 /* Project object */;
			proxyType = 1;
			remoteGlobalIDString = AED9244E2CCFD8E500A9E977;
			remoteInfo = "RickAndMorty-grupa1";
		};
		AED9246A2CCFD8E600A9E977 /* PBXContainerItemProxy */ = {
			isa = PBXContainerItemProxy;
			containerPortal = AED924472CCFD8E500A9E977 /* Project object */;
			proxyType = 1;
			remoteGlobalIDString = AED9244E2CCFD8E500A9E977;
			remoteInfo = "RickAndMorty-grupa1";
		};
/* End PBXContainerItemProxy section */

/* Begin PBXFileReference section */
		AED9244F2CCFD8E500A9E977 /* RickAndMorty-grupa1.app */ = {isa = PBXFileReference; explicitFileType = wrapper.application; includeInIndex = 0; path = "RickAndMorty-grupa1.app"; sourceTree = BUILT_PRODUCTS_DIR; };
		AED9245F2CCFD8E600A9E977 /* RickAndMorty-grupa1Tests.xctest */ = {isa = PBXFileReference; explicitFileType = wrapper.cfbundle; includeInIndex = 0; path = "RickAndMorty-grupa1Tests.xctest"; sourceTree = BUILT_PRODUCTS_DIR; };
		AED924692CCFD8E600A9E977 /* RickAndMorty-grupa1UITests.xctest */ = {isa = PBXFileReference; explicitFileType = wrapper.cfbundle; includeInIndex = 0; path = "RickAndMorty-grupa1UITests.xctest"; sourceTree = BUILT_PRODUCTS_DIR; };
/* End PBXFileReference section */

/* Begin PBXFileSystemSynchronizedRootGroup section */
		AED924512CCFD8E500A9E977 /* RickAndMorty-grupa1 */ = {
			isa = PBXFileSystemSynchronizedRootGroup;
			path = "RickAndMorty-grupa1";
			sourceTree = "<group>";
		};
		AED924622CCFD8E600A9E977 /* RickAndMorty-grupa1Tests */ = {
			isa = PBXFileSystemSynchronizedRootGroup;
			path = "RickAndMorty-grupa1Tests";
			sourceTree = "<group>";
		};
		AED9246C2CCFD8E600A9E977 /* RickAndMorty-grupa1UITests */ = {
			isa = PBXFileSystemSynchronizedRootGroup;
			path = "RickAndMorty-grupa1UITests";
			sourceTree = "<group>";
		};
/* End PBXFileSystemSynchronizedRootGroup section */

/* Begin PBXFrameworksBuildPhase section */
		AED9244C2CCFD8E500A9E977 /* Frameworks */ = {
			isa = PBXFrameworksBuildPhase;
			buildActionMask = 2147483647;
			files = (
			);
			runOnlyForDeploymentPostprocessing = 0;
		};
		AED9245C2CCFD8E600A9E977 /* Frameworks */ = {
			isa = PBXFrameworksBuildPhase;
			buildActionMask = 2147483647;
			files = (
			);
			runOnlyForDeploymentPostprocessing = 0;
		};
		AED924662CCFD8E600A9E977 /* Frameworks */ = {
			isa = PBXFrameworksBuildPhase;
			buildActionMask = 2147483647;
			files = (
			);
			runOnlyForDeploymentPostprocessing = 0;
		};
/* End PBXFrameworksBuildPhase section */

/* Begin PBXGroup section */
		AED924462CCFD8E500A9E977 = {
			isa = PBXGroup;
			children = (
				AED924512CCFD8E500A9E977 /* RickAndMorty-grupa1 */,
				AED924622CCFD8E600A9E977 /* RickAndMorty-grupa1Tests */,
				AED9246C2CCFD8E600A9E977 /* RickAndMorty-grupa1UITests */,
				AED924502CCFD8E500A9E977 /* Products */,
			);
			sourceTree = "<group>";
		};
		AED924502CCFD8E500A9E977 /* Products */ = {
			isa = PBXGroup;
			children = (
				AED9244F2CCFD8E500A9E977 /* RickAndMorty-grupa1.app */,
				AED9245F2CCFD8E600A9E977 /* RickAndMorty-grupa1Tests.xctest */,
				AED924692CCFD8E600A9E977 /* RickAndMorty-grupa1UITests.xctest */,
			);
			name = Products;
			sourceTree = "<group>";
		};
/* End PBXGroup section */

/* Begin PBXNativeTarget section */
		AED9244E2CCFD8E500A9E977 /* RickAndMorty-grupa1 */ = {
			isa = PBXNativeTarget;
			buildConfigurationList = AED924732CCFD8E600A9E977 /* Build configuration list for PBXNativeTarget "RickAndMorty-grupa1" */;
			buildPhases = (
				AED9244B2CCFD8E500A9E977 /* Sources */,
				AED9244C2CCFD8E500A9E977 /* Frameworks */,
				AED9244D2CCFD8E500A9E977 /* Resources */,
			);
			buildRules = (
			);
			dependencies = (
			);
			fileSystemSynchronizedGroups = (
				AED924512CCFD8E500A9E977 /* RickAndMorty-grupa1 */,
			);
			name = "RickAndMorty-grupa1";
			packageProductDependencies = (
			);
			productName = "RickAndMorty-grupa1";
			productReference = AED9244F2CCFD8E500A9E977 /* RickAndMorty-grupa1.app */;
			productType = "com.apple.product-type.application";
		};
		AED9245E2CCFD8E600A9E977 /* RickAndMorty-grupa1Tests */ = {
			isa = PBXNativeTarget;
			buildConfigurationList = AED924762CCFD8E600A9E977 /* Build configuration list for PBXNativeTarget "RickAndMorty-grupa1Tests" */;
			buildPhases = (
				AED9245B2CCFD8E600A9E977 /* Sources */,
				AED9245C2CCFD8E600A9E977 /* Frameworks */,
				AED9245D2CCFD8E600A9E977 /* Resources */,
			);
			buildRules = (
			);
			dependencies = (
				AED924612CCFD8E600A9E977 /* PBXTargetDependency */,
			);
			fileSystemSynchronizedGroups = (
				AED924622CCFD8E600A9E977 /* RickAndMorty-grupa1Tests */,
			);
			name = "RickAndMorty-grupa1Tests";
			packageProductDependencies = (
			);
			productName = "RickAndMorty-grupa1Tests";
			productReference = AED9245F2CCFD8E600A9E977 /* RickAndMorty-grupa1Tests.xctest */;
			productType = "com.apple.product-type.bundle.unit-test";
		};
		AED924682CCFD8E600A9E977 /* RickAndMorty-grupa1UITests */ = {
			isa = PBXNativeTarget;
			buildConfigurationList = AED924792CCFD8E600A9E977 /* Build configuration list for PBXNativeTarget "RickAndMorty-grupa1UITests" */;
			buildPhases = (
				AED924652CCFD8E600A9E977 /* Sources */,
				AED924662CCFD8E600A9E977 /* Frameworks */,
				AED924672CCFD8E600A9E977 /* Resources */,
			);
			buildRules = (
			);
			dependencies = (
				AED9246B2CCFD8E600A9E977 /* PBXTargetDependency */,
			);
			fileSystemSynchronizedGroups = (
				AED9246C2CCFD8E600A9E977 /* RickAndMorty-grupa1UITests */,
			);
			name = "RickAndMorty-grupa1UITests";
			packageProductDependencies = (
			);
			productName = "RickAndMorty-grupa1UITests";
			productReference = AED924692CCFD8E600A9E977 /* RickAndMorty-grupa1UITests.xctest */;
			productType = "com.apple.product-type.bundle.ui-testing";
		};
/* End PBXNativeTarget section */

/* Begin PBXProject section */
		AED924472CCFD8E500A9E977 /* Project object */ = {
			isa = PBXProject;
			attributes = {
				BuildIndependentTargetsInParallel = 1;
				LastSwiftUpdateCheck = 1600;
				LastUpgradeCheck = 1600;
				TargetAttributes = {
					AED9244E2CCFD8E500A9E977 = {
						CreatedOnToolsVersion = 16.0;
					};
					AED9245E2CCFD8E600A9E977 = {
						CreatedOnToolsVersion = 16.0;
						TestTargetID = AED9244E2CCFD8E500A9E977;
					};
					AED924682CCFD8E600A9E977 = {
						CreatedOnToolsVersion = 16.0;
						TestTargetID = AED9244E2CCFD8E500A9E977;
					};
				};
			};
			buildConfigurationList = AED9244A2CCFD8E500A9E977 /* Build configuration list for PBXProject "RickAndMorty-grupa1" */;
			developmentRegion = en;
			hasScannedForEncodings = 0;
			knownRegions = (
				en,
				Base,
			);
			mainGroup = AED924462CCFD8E500A9E977;
			minimizedProjectReferenceProxies = 1;
			preferredProjectObjectVersion = 77;
			productRefGroup = AED924502CCFD8E500A9E977 /* Products */;
			projectDirPath = "";
			projectRoot = "";
			targets = (
				AED9244E2CCFD8E500A9E977 /* RickAndMorty-grupa1 */,
				AED9245E2CCFD8E600A9E977 /* RickAndMorty-grupa1Tests */,
				AED924682CCFD8E600A9E977 /* RickAndMorty-grupa1UITests */,
			);
		};
/* End PBXProject section */

/* Begin PBXResourcesBuildPhase section */
		AED9244D2CCFD8E500A9E977 /* Resources */ = {
			isa = PBXResourcesBuildPhase;
			buildActionMask = 2147483647;
			files = (
			);
			runOnlyForDeploymentPostprocessing = 0;
		};
		AED9245D2CCFD8E600A9E977 /* Resources */ = {
			isa = PBXResourcesBuildPhase;
			buildActionMask = 2147483647;
			files = (
			);
			runOnlyForDeploymentPostprocessing = 0;
		};
		AED924672CCFD8E600A9E977 /* Resources */ = {
			isa = PBXResourcesBuildPhase;
			buildActionMask = 2147483647;
			files = (
			);
			runOnlyForDeploymentPostprocessing = 0;
		};
/* End PBXResourcesBuildPhase section */

/* Begin PBXSourcesBuildPhase section */
		AED9244B2CCFD8E500A9E977 /* Sources */ = {
			isa = PBXSourcesBuildPhase;
			buildActionMask = 2147483647;
			files = (
			);
			runOnlyForDeploymentPostprocessing = 0;
		};
		AED9245B2CCFD8E600A9E977 /* Sources */ = {
			isa = PBXSourcesBuildPhase;
			buildActionMask = 2147483647;
			files = (
			);
			runOnlyForDeploymentPostprocessing = 0;
		};
		AED924652CCFD8E600A9E977 /* Sources */ = {
			isa = PBXSourcesBuildPhase;
			buildActionMask = 2147483647;
			files = (
			);
			runOnlyForDeploymentPostprocessing = 0;
		};
/* End PBXSourcesBuildPhase section */

/* Begin PBXTargetDependency section */
		AED924612CCFD8E600A9E977 /* PBXTargetDependency */ = {
			isa = PBXTargetDependency;
			target = AED9244E2CCFD8E500A9E977 /* RickAndMorty-grupa1 */;
			targetProxy = AED924602CCFD8E600A9E977 /* PBXContainerItemProxy */;
		};
		AED9246B2CCFD8E600A9E977 /* PBXTargetDependency */ = {
			isa = PBXTargetDependency;
			target = AED9244E2CCFD8E500A9E977 /* RickAndMorty-grupa1 */;
			targetProxy = AED9246A2CCFD8E600A9E977 /* PBXContainerItemProxy */;
		};
/* End PBXTargetDependency section */

/* Begin XCBuildConfiguration section */
		AED924712CCFD8E600A9E977 /* Debug */ = {
			isa = XCBuildConfiguration;
			buildSettings = {
				ALWAYS_SEARCH_USER_PATHS = NO;
				ASSETCATALOG_COMPILER_GENERATE_SWIFT_ASSET_SYMBOL_EXTENSIONS = YES;
				CLANG_ANALYZER_NONNULL = YES;
				CLANG_ANALYZER_NUMBER_OBJECT_CONVERSION = YES_AGGRESSIVE;
				CLANG_CXX_LANGUAGE_STANDARD = "gnu++20";
				CLANG_ENABLE_MODULES = YES;
				CLANG_ENABLE_OBJC_ARC = YES;
				CLANG_ENABLE_OBJC_WEAK = YES;
				CLANG_WARN_BLOCK_CAPTURE_AUTORELEASING = YES;
				CLANG_WARN_BOOL_CONVERSION = YES;
				CLANG_WARN_COMMA = YES;
				CLANG_WARN_CONSTANT_CONVERSION = YES;
				CLANG_WARN_DEPRECATED_OBJC_IMPLEMENTATIONS = YES;
				CLANG_WARN_DIRECT_OBJC_ISA_USAGE = YES_ERROR;
				CLANG_WARN_DOCUMENTATION_COMMENTS = YES;
				CLANG_WARN_EMPTY_BODY = YES;
				CLANG_WARN_ENUM_CONVERSION = YES;
				CLANG_WARN_INFINITE_RECURSION = YES;
				CLANG_WARN_INT_CONVERSION = YES;
				CLANG_WARN_NON_LITERAL_NULL_CONVERSION = YES;
				CLANG_WARN_OBJC_IMPLICIT_RETAIN_SELF = YES;
				CLANG_WARN_OBJC_LITERAL_CONVERSION = YES;
				CLANG_WARN_OBJC_ROOT_CLASS = YES_ERROR;
				CLANG_WARN_QUOTED_INCLUDE_IN_FRAMEWORK_HEADER = YES;
				CLANG_WARN_RANGE_LOOP_ANALYSIS = YES;
				CLANG_WARN_STRICT_PROTOTYPES = YES;
				CLANG_WARN_SUSPICIOUS_MOVE = YES;
				CLANG_WARN_UNGUARDED_AVAILABILITY = YES_AGGRESSIVE;
				CLANG_WARN_UNREACHABLE_CODE = YES;
				CLANG_WARN__DUPLICATE_METHOD_MATCH = YES;
				COPY_PHASE_STRIP = NO;
				DEBUG_INFORMATION_FORMAT = dwarf;
				ENABLE_STRICT_OBJC_MSGSEND = YES;
				ENABLE_TESTABILITY = YES;
				ENABLE_USER_SCRIPT_SANDBOXING = YES;
				GCC_C_LANGUAGE_STANDARD = gnu17;
				GCC_DYNAMIC_NO_PIC = NO;
				GCC_NO_COMMON_BLOCKS = YES;
				GCC_OPTIMIZATION_LEVEL = 0;
				GCC_PREPROCESSOR_DEFINITIONS = (
					"DEBUG=1",
					"$(inherited)",
				);
				GCC_WARN_64_TO_32_BIT_CONVERSION = YES;
				GCC_WARN_ABOUT_RETURN_TYPE = YES_ERROR;
				GCC_WARN_UNDECLARED_SELECTOR = YES;
				GCC_WARN_UNINITIALIZED_AUTOS = YES_AGGRESSIVE;
				GCC_WARN_UNUSED_FUNCTION = YES;
				GCC_WARN_UNUSED_VARIABLE = YES;
				IPHONEOS_DEPLOYMENT_TARGET = 18.0;
				LOCALIZATION_PREFERS_STRING_CATALOGS = YES;
				MTL_ENABLE_DEBUG_INFO = INCLUDE_SOURCE;
				MTL_FAST_MATH = YES;
				ONLY_ACTIVE_ARCH = YES;
				SDKROOT = iphoneos;
				SWIFT_ACTIVE_COMPILATION_CONDITIONS = "DEBUG $(inherited)";
				SWIFT_OPTIMIZATION_LEVEL = "-Onone";
			};
			name = Debug;
		};
		AED924722CCFD8E600A9E977 /* Release */ = {
			isa = XCBuildConfiguration;
			buildSettings = {
				ALWAYS_SEARCH_USER_PATHS = NO;
				ASSETCATALOG_COMPILER_GENERATE_SWIFT_ASSET_SYMBOL_EXTENSIONS = YES;
				CLANG_ANALYZER_NONNULL = YES;
				CLANG_ANALYZER_NUMBER_OBJECT_CONVERSION = YES_AGGRESSIVE;
				CLANG_CXX_LANGUAGE_STANDARD = "gnu++20";
				CLANG_ENABLE_MODULES = YES;
				CLANG_ENABLE_OBJC_ARC = YES;
				CLANG_ENABLE_OBJC_WEAK = YES;
				CLANG_WARN_BLOCK_CAPTURE_AUTORELEASING = YES;
				CLANG_WARN_BOOL_CONVERSION = YES;
				CLANG_WARN_COMMA = YES;
				CLANG_WARN_CONSTANT_CONVERSION = YES;
				CLANG_WARN_DEPRECATED_OBJC_IMPLEMENTATIONS = YES;
				CLANG_WARN_DIRECT_OBJC_ISA_USAGE = YES_ERROR;
				CLANG_WARN_DOCUMENTATION_COMMENTS = YES;
				CLANG_WARN_EMPTY_BODY = YES;
				CLANG_WARN_ENUM_CONVERSION = YES;
				CLANG_WARN_INFINITE_RECURSION = YES;
				CLANG_WARN_INT_CONVERSION = YES;
				CLANG_WARN_NON_LITERAL_NULL_CONVERSION = YES;
				CLANG_WARN_OBJC_IMPLICIT_RETAIN_SELF = YES;
				CLANG_WARN_OBJC_LITERAL_CONVERSION = YES;
				CLANG_WARN_OBJC_ROOT_CLASS = YES_ERROR;
				CLANG_WARN_QUOTED_INCLUDE_IN_FRAMEWORK_HEADER = YES;
				CLANG_WARN_RANGE_LOOP_ANALYSIS = YES;
				CLANG_WARN_STRICT_PROTOTYPES = YES;
				CLANG_WARN_SUSPICIOUS_MOVE = YES;
				CLANG_WARN_UNGUARDED_AVAILABILITY = YES_AGGRESSIVE;
				CLANG_WARN_UNREACHABLE_CODE = YES;
				CLANG_WARN__DUPLICATE_METHOD_MATCH = YES;
				COPY_PHASE_STRIP = NO;
				DEBUG_INFORMATION_FORMAT = "dwarf-with-dsym";
				ENABLE_NS_ASSERTIONS = NO;
				ENABLE_STRICT_OBJC_MSGSEND = YES;
				ENABLE_USER_SCRIPT_SANDBOXING = YES;
				GCC_C_LANGUAGE_STANDARD = gnu17;
				GCC_NO_COMMON_BLOCKS = YES;
				GCC_WARN_64_TO_32_BIT_CONVERSION = YES;
				GCC_WARN_ABOUT_RETURN_TYPE = YES_ERROR;
				GCC_WARN_UNDECLARED_SELECTOR = YES;
				GCC_WARN_UNINITIALIZED_AUTOS = YES_AGGRESSIVE;
				GCC_WARN_UNUSED_FUNCTION = YES;
				GCC_WARN_UNUSED_VARIABLE = YES;
				IPHONEOS_DEPLOYMENT_TARGET = 18.0;
				LOCALIZATION_PREFERS_STRING_CATALOGS = YES;
				MTL_ENABLE_DEBUG_INFO = NO;
				MTL_FAST_MATH = YES;
				SDKROOT = iphoneos;
				SWIFT_COMPILATION_MODE = wholemodule;
				VALIDATE_PRODUCT = YES;
			};
			name = Release;
		};
		AED924742CCFD8E600A9E977 /* Debug */ = {
			isa = XCBuildConfiguration;
			buildSettings = {
				ASSETCATALOG_COMPILER_APPICON_NAME = AppIcon;
				ASSETCATALOG_COMPILER_GLOBAL_ACCENT_COLOR_NAME = AccentColor;
				CODE_SIGN_STYLE = Automatic;
				CURRENT_PROJECT_VERSION = 1;
				DEVELOPMENT_ASSET_PATHS = "\"RickAndMorty-grupa1/Preview Content\"";
				ENABLE_PREVIEWS = YES;
				GENERATE_INFOPLIST_FILE = YES;
				INFOPLIST_KEY_UIApplicationSceneManifest_Generation = YES;
				INFOPLIST_KEY_UIApplicationSupportsIndirectInputEvents = YES;
				INFOPLIST_KEY_UILaunchScreen_Generation = YES;
				INFOPLIST_KEY_UISupportedInterfaceOrientations_iPad = "UIInterfaceOrientationPortrait UIInterfaceOrientationPortraitUpsideDown UIInterfaceOrientationLandscapeLeft UIInterfaceOrientationLandscapeRight";
				INFOPLIST_KEY_UISupportedInterfaceOrientations_iPhone = "UIInterfaceOrientationPortrait UIInterfaceOrientationLandscapeLeft UIInterfaceOrientationLandscapeRight";
				IPHONEOS_DEPLOYMENT_TARGET = 17.0;
				LD_RUNPATH_SEARCH_PATHS = (
					"$(inherited)",
					"@executable_path/Frameworks",
				);
				MARKETING_VERSION = 1.0;
				PRODUCT_BUNDLE_IDENTIFIER = "com.tomaszlizer.RickAndMorty-grupa1";
				PRODUCT_NAME = "$(TARGET_NAME)";
				SWIFT_EMIT_LOC_STRINGS = YES;
				SWIFT_VERSION = 5.0;
				TARGETED_DEVICE_FAMILY = "1,2";
			};
			name = Debug;
		};
		AED924752CCFD8E600A9E977 /* Release */ = {
			isa = XCBuildConfiguration;
			buildSettings = {
				ASSETCATALOG_COMPILER_APPICON_NAME = AppIcon;
				ASSETCATALOG_COMPILER_GLOBAL_ACCENT_COLOR_NAME = AccentColor;
				CODE_SIGN_STYLE = Automatic;
				CURRENT_PROJECT_VERSION = 1;
				DEVELOPMENT_ASSET_PATHS = "\"RickAndMorty-grupa1/Preview Content\"";
				ENABLE_PREVIEWS = YES;
				GENERATE_INFOPLIST_FILE = YES;
				INFOPLIST_KEY_UIApplicationSceneManifest_Generation = YES;
				INFOPLIST_KEY_UIApplicationSupportsIndirectInputEvents = YES;
				INFOPLIST_KEY_UILaunchScreen_Generation = YES;
				INFOPLIST_KEY_UISupportedInterfaceOrientations_iPad = "UIInterfaceOrientationPortrait UIInterfaceOrientationPortraitUpsideDown UIInterfaceOrientationLandscapeLeft UIInterfaceOrientationLandscapeRight";
				INFOPLIST_KEY_UISupportedInterfaceOrientations_iPhone = "UIInterfaceOrientationPortrait UIInterfaceOrientationLandscapeLeft UIInterfaceOrientationLandscapeRight";
				IPHONEOS_DEPLOYMENT_TARGET = 17.0;
				LD_RUNPATH_SEARCH_PATHS = (
					"$(inherited)",
					"@executable_path/Frameworks",
				);
				MARKETING_VERSION = 1.0;
				PRODUCT_BUNDLE_IDENTIFIER = "com.tomaszlizer.RickAndMorty-grupa1";
				PRODUCT_NAME = "$(TARGET_NAME)";
				SWIFT_EMIT_LOC_STRINGS = YES;
				SWIFT_VERSION = 5.0;
				TARGETED_DEVICE_FAMILY = "1,2";
			};
			name = Release;
		};
		AED924772CCFD8E600A9E977 /* Debug */ = {
			isa = XCBuildConfiguration;
			buildSettings = {
				BUNDLE_LOADER = "$(TEST_HOST)";
				CODE_SIGN_STYLE = Automatic;
				CURRENT_PROJECT_VERSION = 1;
				GENERATE_INFOPLIST_FILE = YES;
				IPHONEOS_DEPLOYMENT_TARGET = 18.0;
				MARKETING_VERSION = 1.0;
				PRODUCT_BUNDLE_IDENTIFIER = "com.tomaszlizer.RickAndMorty-grupa1Tests";
				PRODUCT_NAME = "$(TARGET_NAME)";
				SWIFT_EMIT_LOC_STRINGS = NO;
				SWIFT_VERSION = 5.0;
				TARGETED_DEVICE_FAMILY = "1,2";
				TEST_HOST = "$(BUILT_PRODUCTS_DIR)/RickAndMorty-grupa1.app/$(BUNDLE_EXECUTABLE_FOLDER_PATH)/RickAndMorty-grupa1";
			};
			name = Debug;
		};
		AED924782CCFD8E600A9E977 /* Release */ = {
			isa = XCBuildConfiguration;
			buildSettings = {
				BUNDLE_LOADER = "$(TEST_HOST)";
				CODE_SIGN_STYLE = Automatic;
				CURRENT_PROJECT_VERSION = 1;
				GENERATE_INFOPLIST_FILE = YES;
				IPHONEOS_DEPLOYMENT_TARGET = 18.0;
				MARKETING_VERSION = 1.0;
				PRODUCT_BUNDLE_IDENTIFIER = "com.tomaszlizer.RickAndMorty-grupa1Tests";
				PRODUCT_NAME = "$(TARGET_NAME)";
				SWIFT_EMIT_LOC_STRINGS = NO;
				SWIFT_VERSION = 5.0;
				TARGETED_DEVICE_FAMILY = "1,2";
				TEST_HOST = "$(BUILT_PRODUCTS_DIR)/RickAndMorty-grupa1.app/$(BUNDLE_EXECUTABLE_FOLDER_PATH)/RickAndMorty-grupa1";
			};
			name = Release;
		};
		AED9247A2CCFD8E600A9E977 /* Debug */ = {
			isa = XCBuildConfiguration;
			buildSettings = {
				CODE_SIGN_STYLE = Automatic;
				CURRENT_PROJECT_VERSION = 1;
				GENERATE_INFOPLIST_FILE = YES;
				MARKETING_VERSION = 1.0;
				PRODUCT_BUNDLE_IDENTIFIER = "com.tomaszlizer.RickAndMorty-grupa1UITests";
				PRODUCT_NAME = "$(TARGET_NAME)";
				SWIFT_EMIT_LOC_STRINGS = NO;
				SWIFT_VERSION = 5.0;
				TARGETED_DEVICE_FAMILY = "1,2";
				TEST_TARGET_NAME = "RickAndMorty-grupa1";
			};
			name = Debug;
		};
		AED9247B2CCFD8E600A9E977 /* Release */ = {
			isa = XCBuildConfiguration;
			buildSettings = {
				CODE_SIGN_STYLE = Automatic;
				CURRENT_PROJECT_VERSION = 1;
				GENERATE_INFOPLIST_FILE = YES;
				MARKETING_VERSION = 1.0;
				PRODUCT_BUNDLE_IDENTIFIER = "com.tomaszlizer.RickAndMorty-grupa1UITests";
				PRODUCT_NAME = "$(TARGET_NAME)";
				SWIFT_EMIT_LOC_STRINGS = NO;
				SWIFT_VERSION = 5.0;
				TARGETED_DEVICE_FAMILY = "1,2";
				TEST_TARGET_NAME = "RickAndMorty-grupa1";
			};
			name = Release;
		};
/* End XCBuildConfiguration section */

/* Begin XCConfigurationList section */
		AED9244A2CCFD8E500A9E977 /* Build configuration list for PBXProject "RickAndMorty-grupa1" */ = {
			isa = XCConfigurationList;
			buildConfigurations = (
				AED924712CCFD8E600A9E977 /* Debug */,
				AED924722CCFD8E600A9E977 /* Release */,
			);
			defaultConfigurationIsVisible = 0;
			defaultConfigurationName = Release;
		};
		AED924732CCFD8E600A9E977 /* Build configuration list for PBXNativeTarget "RickAndMorty-grupa1" */ = {
			isa = XCConfigurationList;
			buildConfigurations = (
				AED924742CCFD8E600A9E977 /* Debug */,
				AED924752CCFD8E600A9E977 /* Release */,
			);
			defaultConfigurationIsVisible = 0;
			defaultConfigurationName = Release;
		};
		AED924762CCFD8E600A9E977 /* Build configuration list for PBXNativeTarget "RickAndMorty-grupa1Tests" */ = {
			isa = XCConfigurationList;
			buildConfigurations = (
				AED924772CCFD8E600A9E977 /* Debug */,
				AED924782CCFD8E600A9E977 /* Release */,
			);
			defaultConfigurationIsVisible = 0;
			defaultConfigurationName = Release;
		};
		AED924792CCFD8E600A9E977 /* Build configuration list for PBXNativeTarget "RickAndMorty-grupa1UITests" */ = {
			isa = XCConfigurationList;
			buildConfigurations = (
				AED9247A2CCFD8E600A9E977 /* Debug */,
				AED9247B2CCFD8E600A9E977 /* Release */,
			);
			defaultConfigurationIsVisible = 0;
			defaultConfigurationName = Release;
		};
/* End XCConfigurationList section */
	};
	rootObject = AED924472CCFD8E500A9E977 /* Project object */;
}
